
Microsoft Visual Studio Solution File, Format Version 12.00
# Visual Studio Version 17
VisualStudioVersion = 17.10.35027.167
MinimumVisualStudioVersion = 10.0.40219.1
Project("{9A19103F-16F7-4668-BE54-9A1E7A4F7556}") = "BlazorCrudApplication", "BlazorCrudApplication\BlazorCrudApplication\BlazorCrudApplication.csproj", "{BEAD5AC3-4882-434A-BFD6-164A536B31A4}"
EndProject
Project("{9A19103F-16F7-4668-BE54-9A1E7A4F7556}") = "BlazorCrudApplication.Client", "BlazorCrudApplication\BlazorCrudApplication.Client\BlazorCrudApplication.Client.csproj", "{78507845-9EF5-41BF-B3C4-E74E0DB00EC3}"
EndProject
Project("{9A19103F-16F7-4668-BE54-9A1E7A4F7556}") = "BookProject.Model", "Model\BookProject.Model.csproj", "{E848CE93-FD58-41D4-B191-4B71BF07DD97}"
EndProject
Project("{FAE04EC0-301F-11D3-BF4B-00C04F79EFBC}") = "BookProject.Services", "Services\BookProject.Services.csproj", "{4D941302-6A30-4B63-99F3-C4F953AC2EFC}"
EndProject
Global
	GlobalSection(SolutionConfigurationPlatforms) = preSolution
		Debug|Any CPU = Debug|Any CPU
		Release|Any CPU = Release|Any CPU
	EndGlobalSection
	GlobalSection(ProjectConfigurationPlatforms) = postSolution
		{BEAD5AC3-4882-434A-BFD6-164A536B31A4}.Debug|Any CPU.ActiveCfg = Debug|Any CPU
		{BEAD5AC3-4882-434A-BFD6-164A536B31A4}.Debug|Any CPU.Build.0 = Debug|Any CPU
		{BEAD5AC3-4882-434A-BFD6-164A536B31A4}.Release|Any CPU.ActiveCfg = Release|Any CPU
		{BEAD5AC3-4882-434A-BFD6-164A536B31A4}.Release|Any CPU.Build.0 = Release|Any CPU
		{78507845-9EF5-41BF-B3C4-E74E0DB00EC3}.Debug|Any CPU.ActiveCfg = Debug|Any CPU
		{78507845-9EF5-41BF-B3C4-E74E0DB00EC3}.Debug|Any CPU.Build.0 = Debug|Any CPU
		{78507845-9EF5-41BF-B3C4-E74E0DB00EC3}.Release|Any CPU.ActiveCfg = Release|Any CPU
		{78507845-9EF5-41BF-B3C4-E74E0DB00EC3}.Release|Any CPU.Build.0 = Release|Any CPU
		{E848CE93-FD58-41D4-B191-4B71BF07DD97}.Debug|Any CPU.ActiveCfg = Debug|Any CPU
		{E848CE93-FD58-41D4-B191-4B71BF07DD97}.Debug|Any CPU.Build.0 = Debug|Any CPU
		{E848CE93-FD58-41D4-B191-4B71BF07DD97}.Release|Any CPU.ActiveCfg = Release|Any CPU
		{E848CE93-FD58-41D4-B191-4B71BF07DD97}.Release|Any CPU.Build.0 = Release|Any CPU
		{4D941302-6A30-4B63-99F3-C4F953AC2EFC}.Debug|Any CPU.ActiveCfg = Debug|Any CPU
		{4D941302-6A30-4B63-99F3-C4F953AC2EFC}.Debug|Any CPU.Build.0 = Debug|Any CPU
		{4D941302-6A30-4B63-99F3-C4F953AC2EFC}.Release|Any CPU.ActiveCfg = Release|Any CPU
		{4D941302-6A30-4B63-99F3-C4F953AC2EFC}.Release|Any CPU.Build.0 = Release|Any CPU
	EndGlobalSection
	GlobalSection(SolutionProperties) = preSolution
		HideSolutionNode = FALSE
	EndGlobalSection
	GlobalSection(ExtensibilityGlobals) = postSolution
		SolutionGuid = {9F973ED0-38E9-4A42-A85F-F07D3801B5A2}
	EndGlobalSection
EndGlobal
